version = 1
revision = 3
requires-python = ">=3.13"

[[package]]
name = "psutil"
version = "7.2.2"
source = { registry = "https://pypi.org/simple" }
sdist = { url = "https://files.pythonhosted.org/packages/aa/c6/d1ddf4abb55e93cebc4f2ed8b5d6dbad109ecb8d63748dd2b20ab5e57ebe/psutil-7.2.2.tar.gz", hash = "sha256:0746f5f8d406af344fd547f1c8daa5f5c33dbc293bb8d6a16d80b4bb88f59372", size = 493740, upload-time = "2026-01-28T18:14:54.428Z" }
wheels = [
    { url = "https://files.pythonhosted.org/packages/51/08/510cbdb69c25a96f4ae523f733cdc963ae654904e8db864c07585ef99875/psutil-7.2.2-cp313-cp313t-macosx_10_13_x86_64.whl", hash = "sha256:2edccc433cbfa046b980b0df0171cd25bcaeb3a68fe9022db0979e7aa74a826b", size = 130595, upload-time = "2026-01-28T18:14:57.293Z" },
    { url = "https://files.pythonhosted.org/packages/d6/f5/97baea3fe7a5a9af7436301f85490905379b1c6f2dd51fe3ecf24b4c5fbf/psutil-7.2.2-cp313-cp313t-macosx_11_0_arm64.whl", hash = "sha256:e78c8603dcd9a04c7364f1a3e670cea95d51ee865e4efb3556a3a63adef958ea", size = 131082, upload-time = "2026-01-28T18:14:59.732Z" },
    { url = "https://files.pythonhosted.org/packages/37/d6/246513fbf9fa174af531f28412297dd05241d97a75911ac8febefa1a53c6/psutil-7.2.2-cp313-cp313t-manylinux2010_x86_64.manylinux_2_12_x86_64.manylinux_2_28_x86_64.whl", hash = "sha256:1a571f2330c966c62aeda00dd24620425d4b0cc86881c89861fbc04549e5dc63", size = 181476, upload-time = "2026-01-28T18:15:01.884Z" },
    { url = "https://files.pythonhosted.org/packages/b8/b5/9182c9af3836cca61696dabe4fd1304e17bc56cb62f17439e1154f225dd3/psutil-7.2.2-cp313-cp313t-manylinux2014_aarch64.manylinux_2_17_aarch64.manylinux_2_28_aarch64.whl", hash = "sha256:917e891983ca3c1887b4ef36447b1e0873e70c933afc831c6b6da078ba474312", size = 184062, upload-time = "2026-01-28T18:15:04.436Z" },
    { url = "https://files.pythonhosted.org/packages/16/ba/0756dca669f5a9300d0cbcbfae9a4c30e446dfc7440ffe43ded5724bfd93/psutil-7.2.2-cp313-cp313t-win_amd64.whl", hash = "sha256:ab486563df44c17f5173621c7b198955bd6b613fb87c71c161f827d3fb149a9b", size = 139893, upload-time = "2026-01-28T18:15:06.378Z" },
    { url = "https://files.pythonhosted.org/packages/1c/61/8fa0e26f33623b49949346de05ec1ddaad02ed8ba64af45f40a147dbfa97/psutil-7.2.2-cp313-cp313t-win_arm64.whl", hash = "sha256:ae0aefdd8796a7737eccea863f80f81e468a1e4cf14d926bd9b6f5f2d5f90ca9", size = 135589, upload-time = "2026-01-28T18:15:08.03Z" },
    { url = "https://files.pythonhosted.org/packages/81/69/ef179ab5ca24f32acc1dac0c247fd6a13b501fd5534dbae0e05a1c48b66d/psutil-7.2.2-cp314-cp314t-macosx_10_15_x86_64.whl", hash = "sha256:eed63d3b4d62449571547b60578c5b2c4bcccc5387148db46e0c2313dad0ee00", size = 130664, upload-time = "2026-01-28T18:15:09.469Z" },
    { url = "https://files.pythonhosted.org/packages/7b/64/665248b557a236d3fa9efc378d60d95ef56dd0a490c2cd37dafc7660d4a9/psutil-7.2.2-cp314-cp314t-macosx_11_0_arm64.whl", hash = "sha256:7b6d09433a10592ce39b13d7be5a54fbac1d1228ed29abc880fb23df7cb694c9", size = 131087, upload-time = "2026-01-28T18:15:11.724Z" },
    { url = "https://files.pythonhosted.org/packages/d5/2e/e6782744700d6759ebce3043dcfa661fb61e2fb752b91cdeae9af12c2178/psutil-7.2.2-cp314-cp314t-manylinux2010_x86_64.manylinux_2_12_x86_64.manylinux_2_28_x86_64.whl", hash = "sha256:1fa4ecf83bcdf6e6c8f4449aff98eefb5d0604bf88cb883d7da3d8d2d909546a", size = 182383, upload-time = "2026-01-28T18:15:13.445Z" },
    { url = "https://files.pythonhosted.org/packages/57/49/0a41cefd10cb7505cdc04dab3eacf24c0c2cb158a998b8c7b1d27ee2c1f5/psutil-7.2.2-cp314-cp314t-manylinux2014_aarch64.manylinux_2_17_aarch64.manylinux_2_28_aarch64.whl", hash = "sha256:e452c464a02e7dc7822a05d25db4cde564444a67e58539a00f929c51eddda0cf", size = 185210, upload-time = "2026-01-28T18:15:16.002Z" },
    { url = "https://files.pythonhosted.org/packages/dd/2c/ff9bfb544f283ba5f83ba725a3c5fec6d6b10b8f27ac1dc641c473dc390d/psutil-7.2.2-cp314-cp314t-win_amd64.whl", hash = "sha256:c7663d4e37f13e884d13994247449e9f8f574bc4655d509c3b95e9ec9e2b9dc1", size = 141228, upload-time = "2026-01-28T18:15:18.385Z" },
    { url = "https://files.pythonhosted.org/packages/f2/fc/f8d9c31db14fcec13748d373e668bc3bed94d9077dbc17fb0eebc073233c/psutil-7.2.2-cp314-cp314t-win_arm64.whl", hash = "sha256:11fe5a4f613759764e79c65cf11ebdf26e33d6dd34336f8a337aa2996d71c841", size = 136284, upload-time = "2026-01-28T18:15:19.912Z" },
    { url = "https://files.pythonhosted.org/packages/e7/36/5ee6e05c9bd427237b11b3937ad82bb8ad2752d72c6969314590dd0c2f6e/psutil-7.2.2-cp36-abi3-macosx_10_9_x86_64.whl", hash = "sha256:ed0cace939114f62738d808fdcecd4c869222507e266e574799e9c0faa17d486", size = 129090, upload-time = "2026-01-28T18:15:22.168Z" },
    { url = "https://files.pythonhosted.org/packages/80/c4/f5af4c1ca8c1eeb2e92ccca14ce8effdeec651d5ab6053c589b074eda6e1/psutil-7.2.2-cp36-abi3-macosx_11_0_arm64.whl", hash = "sha256:1a7b04c10f32cc88ab39cbf606e117fd74721c831c98a27dc04578deb0c16979", size = 129859, upload-time = "2026-01-28T18:15:23.795Z" },
    { url = "https://files.pythonhosted.org/packages/b5/70/5d8df3b09e25bce090399cf48e452d25c935ab72dad19406c77f4e828045/psutil-7.2.2-cp36-abi3-manylinux2010_x86_64.manylinux_2_12_x86_64.manylinux_2_28_x86_64.whl", hash = "sha256:076a2d2f923fd4821644f5ba89f059523da90dc9014e85f8e45a5774ca5bc6f9", size = 155560, upload-time = "2026-01-28T18:15:25.976Z" },
    { url = "https://files.pythonhosted.org/packages/63/65/37648c0c158dc222aba51c089eb3bdfa238e621674dc42d48706e639204f/psutil-7.2.2-cp36-abi3-manylinux2014_aarch64.manylinux_2_17_aarch64.manylinux_2_28_aarch64.whl", hash = "sha256:b0726cecd84f9474419d67252add4ac0cd9811b04d61123054b9fb6f57df6e9e", size = 156997, upload-time = "2026-01-28T18:15:27.794Z" },
    { url = "https://files.pythonhosted.org/packages/8e/13/125093eadae863ce03c6ffdbae9929430d116a246ef69866dad94da3bfbc/psutil-7.2.2-cp36-abi3-musllinux_1_2_aarch64.whl", hash = "sha256:fd04ef36b4a6d599bbdb225dd1d3f51e00105f6d48a28f006da7f9822f2606d8", size = 148972, upload-time = "2026-01-28T18:15:29.342Z" },
    { url = "https://files.pythonhosted.org/packages/04/78/0acd37ca84ce3ddffaa92ef0f571e073faa6d8ff1f0559ab1272188ea2be/psutil-7.2.2-cp36-abi3-musllinux_1_2_x86_64.whl", hash = "sha256:b58fabe35e80b264a4e3bb23e6b96f9e45a3df7fb7eed419ac0e5947c61e47cc", size = 148266, upload-time = "2026-01-28T18:15:31.597Z" },
    { url = "https://files.pythonhosted.org/packages/b4/90/e2159492b5426be0c1fef7acba807a03511f97c5f86b3caeda6ad92351a7/psutil-7.2.2-cp37-abi3-win_amd64.whl", hash = "sha256:eb7e81434c8d223ec4a219b5fc1c47d0417b12be7ea866e24fb5ad6e84b3d988", size = 137737, upload-time = "2026-01-28T18:15:33.849Z" },
    { url = "https://files.pythonhosted.org/packages/8c/c7/7bb2e321574b10df20cbde462a94e2b71d05f9bbda251ef27d104668306a/psutil-7.2.2-cp37-abi3-win_arm64.whl", hash = "sha256:8c233660f575a5a89e6d4cb65d9f938126312bca76d8fe087b947b3a1aaac9ee", size = 134617, upload-time = "2026-01-28T18:15:36.514Z" },
]

[[package]]
name = "pyqt6"
version = "6.10.2"
source = { registry = "https://pypi.org/simple" }
dependencies = [
    { name = "pyqt6-qt6" },
    { name = "pyqt6-sip" },
]
sdist = { url = "https://files.pythonhosted.org/packages/96/03/e756f52e8b0d7bb5527baf8c46d59af0746391943bdb8655acba22ee4168/pyqt6-6.10.2.tar.gz", hash = "sha256:6c0db5d8cbb9a3e7e2b5b51d0ff3f283121fa27b864db6d2f35b663c9be5cc83", size = 1085573, upload-time = "2026-01-08T16:40:00.244Z" }
wheels = [
    { url = "https://files.pythonhosted.org/packages/fb/3f/f073a980969aa485ef288eb2e3b94c223ba9c7ac9941543f19b51659b98d/pyqt6-6.10.2-cp39-abi3-macosx_10_14_universal2.whl", hash = "sha256:37ae7c1183fe4dd0c6aefd2006a35731245de1cb6f817bb9e414a3e4848dfd6d", size = 60244482, upload-time = "2026-01-08T16:38:50.837Z" },
    { url = "https://files.pythonhosted.org/packages/ec/3e/9a015651ec71cea2e2f960c37edeb21623ba96a74956c0827def837f7c6b/pyqt6-6.10.2-cp39-abi3-manylinux_2_34_x86_64.whl", hash = "sha256:78e1b3d5763e4cbc84485aef600e0aba5e1932fd263b716f92cd1a40dfa5e924", size = 37899440, upload-time = "2026-01-08T16:39:09.027Z" },
    { url = "https://files.pythonhosted.org/packages/51/74/a88fec2b99700270ca5d7dc7d650236a4990ed6fc88e055ca0fc8a339ee3/pyqt6-6.10.2-cp39-abi3-manylinux_2_39_aarch64.whl", hash = "sha256:bbc3af541bbecd27301bfe69fe445aa1611a9b490bd3de77306b12df632f7ec6", size = 40748467, upload-time = "2026-01-08T16:39:29.551Z" },
    { url = "https://files.pythonhosted.org/packages/75/34/be7a55529607b21db00a49ca53cb07c3092d2a5a95ea19bb95cfa0346904/pyqt6-6.10.2-cp39-abi3-win_amd64.whl", hash = "sha256:bd328cb70bc382c48861cd5f0a11b2b8ae6f5692d5a2d6679ba52785dced327b", size = 26015391, upload-time = "2026-01-08T16:39:42.946Z" },
    { url = "https://files.pythonhosted.org/packages/af/de/d9c88f976602b7884fec4ad54a4575d48e23e4f390e5357ea83917358846/pyqt6-6.10.2-cp39-abi3-win_arm64.whl", hash = "sha256:7901ba1df024b7ee9fdacfb2b7661aeb3749ae8b0bef65428077de3e0450eabb", size = 26208415, upload-time = "2026-01-08T16:39:57.751Z" },
]

[[package]]
name = "pyqt6-qt6"
version = "6.10.2"
source = { registry = "https://pypi.org/simple" }
wheels = [
    { url = "https://files.pythonhosted.org/packages/9a/eb/f04d547d8ed9f20c7b246db4ef5d93b49cab4692009a10652ed0a8b9d2aa/pyqt6_qt6-6.10.2-py3-none-macosx_10_14_x86_64.whl", hash = "sha256:5761cfccc721da2311c3f1213577f0ff1df07bbbbe3fa3a209a256b82cf057e3", size = 68688870, upload-time = "2026-01-29T12:26:48.619Z" },
    { url = "https://files.pythonhosted.org/packages/ce/c8/d99e65ab01c2402fb6bc4f77abef7244f7d5fb2f2e6d5b0abdf71bb2e4fc/pyqt6_qt6-6.10.2-py3-none-macosx_11_0_arm64.whl", hash = "sha256:6dda853a8db1b8d1a2ddbbe76cc6c3aa86614cad14056bd3c0435d8feea73b2d", size = 62512013, upload-time = "2026-01-29T12:27:24.642Z" },
    { url = "https://files.pythonhosted.org/packages/d5/fe/01fd9b9d2ca139ef61582f2e2da249fa169229144294c1bb27db59ad8420/pyqt6_qt6-6.10.2-py3-none-manylinux_2_34_x86_64.whl", hash = "sha256:19c10b5f0806e9f9bac2c9759bd5d7d19a78967f330fd60a2db409177fa76e49", size = 84028760, upload-time = "2026-01-29T12:28:03.267Z" },
    { url = "https://files.pythonhosted.org/packages/f4/20/a0d027ebb267d3afaf319d94efe1ff4d667004ee83b96701329a4d11fb95/pyqt6_qt6-6.10.2-py3-none-manylinux_2_39_aarch64.whl", hash = "sha256:2e60d616861ca4565cd295418d605975aa2dc407ba4b94c1586a70c92e9cb052", size = 83063975, upload-time = "2026-01-29T12:28:48.928Z" },
    { url = "https://files.pythonhosted.org/packages/06/8e/595f215876d507417cc8565e05519916d3b0b76baedea6a1e4e5105633fc/pyqt6_qt6-6.10.2-py3-none-win_amd64.whl", hash = "sha256:c4b7f7d66cc58bddf1bc1ca28dfcf7a45f58cfcb11d81d13a0510409dd4957ac", size = 78433821, upload-time = "2026-01-29T12:29:35.493Z" },
    { url = "https://files.pythonhosted.org/packages/50/5f/2196e2b536217b87cb3d2ce13ef8f7607d08b02f1990a4bd84a88d293a3c/pyqt6_qt6-6.10.2-py3-none-win_arm64.whl", hash = "sha256:7164a6f0c1335358a3026df9865c8f75395b01f60f0dcd2f66c029ec16fc83d2", size = 58354426, upload-time = "2026-01-29T12:30:02.95Z" },
]

[[package]]
name = "pyqt6-sip"
version = "13.11.0"
source = { registry = "https://pypi.org/simple" }
sdist = { url = "https://files.pythonhosted.org/packages/e3/7d/d2916048e2e3960f68cb4e93907639844f7b8ff95897dcc98553776ccdfc/pyqt6_sip-13.11.0.tar.gz", hash = "sha256:d463af37738bda1856c9ef513e5620a37b7a005e9d589c986c3304db4a8a14d3", size = 92509, upload-time = "2026-01-13T16:01:32.16Z" }
wheels = [
    { url = "https://files.pythonhosted.org/packages/df/a0/46abcae4fce175a326185460a02c13ab81332bca7dd55c1e853ba6aee71e/pyqt6_sip-13.11.0-cp313-cp313-macosx_10_13_universal2.whl", hash = "sha256:929716eebde1a64ffdb6b1715db6a22aefd5634d6df84858c7deb5e85be84fdf", size = 112353, upload-time = "2026-01-13T16:01:16.152Z" },
    { url = "https://files.pythonhosted.org/packages/0e/38/27c3aa3f153fcd83a0765fedf8e44a1136f189a322bcc9c494c5b3793cd7/pyqt6_sip-13.11.0-cp313-cp313-manylinux1_x86_64.manylinux_2_5_x86_64.whl", hash = "sha256:a75144e8a0bcf9d1a9069011890401748af353749f1de1b6a314b880781edf9d", size = 301497, upload-time = "2026-01-13T16:01:20.531Z" },
    { url = "https://files.pythonhosted.org/packages/6f/ac/1053ffce45e4174f0a8174557b88537aa82bf96ba03c7dd208c59de36f69/pyqt6_sip-13.11.0-cp313-cp313-manylinux_2_17_aarch64.manylinux2014_aarch64.whl", hash = "sha256:8082b5f57ffad5dddf5efcf0ef5eaf94841395aa4e7c374c79ef24cf49b0f0ce", size = 323498, upload-time = "2026-01-13T16:01:17.859Z" },
    { url = "https://files.pythonhosted.org/packages/40/d3/447b30d1f00cc50ad9e5c53b2e920068606b16857da83f8036b390c79fad/pyqt6_sip-13.11.0-cp313-cp313-win_amd64.whl", hash = "sha256:8d49b5bf3d8d36cd7db93ddc54cd09dbba96a3fd926e445ef75499b41e47b5a3", size = 53469, upload-time = "2026-01-13T16:01:21.762Z" },
    { url = "https://files.pythonhosted.org/packages/92/67/77e6fafcabd01c0a11166ab7464509896f137929f82c4f2e03aea1bf41b3/pyqt6_sip-13.11.0-cp313-cp313-win_arm64.whl", hash = "sha256:293eac1b53c66c54b03266cc30015ec77454af679043a4f188b9bb80a9656996", size = 48643, upload-time = "2026-01-13T16:01:22.669Z" },
    { url = "https://files.pythonhosted.org/packages/ff/28/a5178c8e005bafbf9c0fd507f45a3eef619ab582811414a0a461ee75994f/pyqt6_sip-13.11.0-cp314-cp314-macosx_10_15_universal2.whl", hash = "sha256:4dc9c4df24af0571423c3e85b5c008bad42ed48558eef80fbc3e5d30274c5abb", size = 112431, upload-time = "2026-01-13T16:01:23.832Z" },
    { url = "https://files.pythonhosted.org/packages/13/3c/02770b02b5a05779e26bd02c202c2fd32aa38e225d01f14c06908e33738c/pyqt6_sip-13.11.0-cp314-cp314-manylinux1_x86_64.manylinux_2_5_x86_64.whl", hash = "sha256:c974d5a193f32e55e746e9b63138503163ac63500dbb1fd67233d8a8d71369bd", size = 301236, upload-time = "2026-01-13T16:01:28.733Z" },
    { url = "https://files.pythonhosted.org/packages/40/47/5af493a698cc520581ca1000b4ab09b8182992053ffe2478062dde5e4671/pyqt6_sip-13.11.0-cp314-cp314-manylinux_2_17_aarch64.manylinux2014_aarch64.whl", hash = "sha256:4284540ffccd8349763ddce3518264dde62f20556720d4061b9c895e09011ca0", size = 323919, upload-time = "2026-01-13T16:01:25.122Z" },
    { url = "https://files.pythonhosted.org/packages/b7/2d/64b26e21183a7ff180105871dd5983a8da539d8768921728268dc6d0a73d/pyqt6_sip-13.11.0-cp314-cp314-win_amd64.whl", hash = "sha256:9bd81cb351640abc803ea2fe7262b5adea28615c9b96fd103d1b6f3459937211", size = 55078, upload-time = "2026-01-13T16:01:29.853Z" },
    { url = "https://files.pythonhosted.org/packages/7e/36/23f699fa8b1c3fcc312ecd12661a1df6057d92e16d4def2399b59cf7bf22/pyqt6_sip-13.11.0-cp314-cp314-win_arm64.whl", hash = "sha256:cd95ec98f8edb15bcea832b8657809f69d758bc4151cc6fd7790c0181949e45f", size = 49465, upload-time = "2026-01-13T16:01:31.174Z" },
]

[[package]]
name = "rufus-py"
version = "0.1.0"
source = { virtual = "." }
dependencies = [
    { name = "psutil" },
    { name = "pyqt6" },
]

[package.metadata]
requires-dist = [
    { name = "psutil", specifier = ">=7.2.2" },
    { name = "pyqt6", specifier = ">=6.10.2" },
]
